# THIS IS AN AUTOGENERATED FILE. DO NOT EDIT THIS FILE DIRECTLY.
# yarn lockfile v1


"@raketa-cms/raketa-cms@link:..":
  version "0.0.0"
  uid ""

"@raketa-cms/raketa-image-picker@^1.2.2":
  version "1.2.5"
  resolved "https://registry.yarnpkg.com/@raketa-cms/raketa-image-picker/-/raketa-image-picker-1.2.5.tgz#48cc711e43f1052ed8d8e5ac672faa2fce604c47"
  integrity sha512-zoqZd6rTTlzzLZgk/S+RdekrVNV6VLBURzm69LieGa6/81Up+g4i8lPVQHWzYf1B1Is8K626TznCN09brPUU7w==
  dependencies:
    "@raketa-cms/raketa-mir" "^1.1.2"
    prop-types "^15.7.2"
    react-dropzone "^11.0.1"

"@raketa-cms/raketa-mir@^1.1.2":
  version "1.1.2"
  resolved "https://registry.yarnpkg.com/@raketa-cms/raketa-mir/-/raketa-mir-1.1.2.tgz#a0d093010bd6efa38deee0013c099dc5ac5c3585"
  integrity sha512-iCccWMGZW8N6jDBye6VXaIG3ZPikiuFtMt22n4d71mb3NLDEOPMTatXlQLXuB21f4uDWeSWvwCAdP1lxp/zqOA==

"@raketa-cms/raketa-mir@^1.1.5":
  version "1.1.5"
  resolved "https://registry.yarnpkg.com/@raketa-cms/raketa-mir/-/raketa-mir-1.1.5.tgz#06ef8ead58c992bf0000d367650b56dc4eda8997"
  integrity sha512-GjRze19r1IFzkikMTyb28JA8OdoTX8ynC6DX8b9vcxCtUAwLIn6zuO2/zxI2jjk6RtgpWSNgsItwvsozY/761w==

"@types/sortablejs@^1.10.0":
  version "1.10.5"
  resolved "https://registry.yarnpkg.com/@types/sortablejs/-/sortablejs-1.10.5.tgz#341f5af3372180ce3cbfbd2b34a6fdefaca8d227"
  integrity sha512-U/i9rGkCwmgmsa0UzHlGnQtL4y57tjywjp6j3GbA64MLaGO+sEBLVhBrQokWfgzeV2T6hQRYC4dZtXkl6dCMfw==

attr-accept@^2.0.0:
  version "2.2.0"
  resolved "https://registry.yarnpkg.com/attr-accept/-/attr-accept-2.2.0.tgz#7dc2a8b5e2653f90b1310d536c03574aec66de6c"
  integrity sha512-Tee7K1V8BPZ3OS74UBk3I3e5wfSikSvjy2hb5UvnCJauA8gkg5MENw4dILT018rB3Lze1a3m93lhtJk7xFuAPQ==

classnames@^2.2.6:
  version "2.2.6"
  resolved "https://registry.yarnpkg.com/classnames/-/classnames-2.2.6.tgz#43935bffdd291f326dad0a205309b38d00f650ce"
  integrity sha512-JR/iSQOSt+LQIWwrwEzJ9uk0xfN3mTVYMwt1Ir5mUcSN6pU+V4zQFFaJsclJbPuAUQH+yfWef6tm7l1quW3C8Q==

file-selector@^0.1.12:
  version "0.1.12"
  resolved "https://registry.yarnpkg.com/file-selector/-/file-selector-0.1.12.tgz#fe726547be219a787a9dcc640575a04a032b1fd0"
  integrity sha512-Kx7RTzxyQipHuiqyZGf+Nz4vY9R1XGxuQl/hLoJwq+J4avk/9wxxgZyHKtbyIPJmbD4A66DWGYfyykWNpcYutQ==
  dependencies:
    tslib "^1.9.0"

"js-tokens@^3.0.0 || ^4.0.0":
  version "4.0.0"
  resolved "https://registry.yarnpkg.com/js-tokens/-/js-tokens-4.0.0.tgz#19203fb59991df98e3a287050d4647cdeaf32499"
  integrity sha512-RdJUflcE3cUzKiMqQgsCu06FPu9UdIJO0beYbPhHN4k6apgJtifcoCtT9bcxOpYBtpD2kCM6Sbzg4CausW/PKQ==

loose-envify@^1.4.0:
  version "1.4.0"
  resolved "https://registry.yarnpkg.com/loose-envify/-/loose-envify-1.4.0.tgz#71ee51fa7be4caec1a63839f7e682d8132d30caf"
  integrity sha512-lyuxPGr/Wfhrlem2CL/UcnUc1zcqKAImBDzukY7Y5F/yQiNdko6+fRLevlw1HgMySw7f611UIY408EtxRSoK3Q==
  dependencies:
    js-tokens "^3.0.0 || ^4.0.0"

object-assign@^4.1.1:
  version "4.1.1"
  resolved "https://registry.yarnpkg.com/object-assign/-/object-assign-4.1.1.tgz#2109adc7965887cfc05cbbd442cac8bfbb360863"
  integrity sha1-IQmtx5ZYh8/AXLvUQsrIv7s2CGM=

prop-types@^15.7.2:
  version "15.7.2"
  resolved "https://registry.yarnpkg.com/prop-types/-/prop-types-15.7.2.tgz#52c41e75b8c87e72b9d9360e0206b99dcbffa6c5"
  integrity sha512-8QQikdH7//R2vurIJSutZ1smHYTcLpRWEOlHnzcWHmBYrOGUysKwSsrC89BCiFj3CbrfJ/nXFdJepOVrY1GCHQ==
  dependencies:
    loose-envify "^1.4.0"
    object-assign "^4.1.1"
    react-is "^16.8.1"

"react-dom@link:../node_modules/react-dom":
  version "0.0.0"
  uid ""

react-dropzone@^11.0.1:
  version "11.0.2"
  resolved "https://registry.yarnpkg.com/react-dropzone/-/react-dropzone-11.0.2.tgz#1a4084f520c2eafbeb24026760b3ee8f3759cfd3"
  integrity sha512-/Wde9Il1aJ1FtWllg3N2taIeJh4aftx6UGUG8R1TmLnZit2RnDcEjcKwEEbKwgLXTTh8QQpiZWQJq45jTy1jCA==
  dependencies:
    attr-accept "^2.0.0"
    file-selector "^0.1.12"
    prop-types "^15.7.2"

react-is@^16.8.1:
  version "16.13.1"
  resolved "https://registry.yarnpkg.com/react-is/-/react-is-16.13.1.tgz#789729a4dc36de2999dc156dd6c1d9c18cea56a4"
  integrity sha512-24e6ynE2H+OKt4kqsOvNd8kBpV65zoxbA4BVsEOB3ARVWQki/DHzaUoC5KuON/BiccDaCCTZBuOcfZs70kR8bQ==

"react-scripts@link:../node_modules/react-scripts":
  version "0.0.0"
  uid ""

react-sortablejs@2.0.11:
  version "2.0.11"
  resolved "https://registry.yarnpkg.com/react-sortablejs/-/react-sortablejs-2.0.11.tgz#eecf621f801ab8c16a8a5c3c856005f0795ccbcf"
  integrity sha512-Id44yygU6H/fNRp0uWkGZnKGuBF8GF/Ts6gKX5NfwmzceRjH0e0XHsmBuQ6WXhBIVnMM+XgkEPub851mdti0TA==
  dependencies:
    "@types/sortablejs" "^1.10.0"
    classnames "^2.2.6"
    sortablejs "1.10.1"
    tiny-invariant "^1.0.6"

"react@link:../node_modules/react":
  version "0.0.0"
  uid ""

sortablejs@1.10.1:
  version "1.10.1"
  resolved "https://registry.yarnpkg.com/sortablejs/-/sortablejs-1.10.1.tgz#3d52b00f871be00f00f84d99a60d120bf3dfe52c"
  integrity sha512-N6r7GrVmO8RW1rn0cTdvK3JR0BcqecAJ0PmYMCL3ZuqTH3pY+9QyqkmJSkkLyyDvd+AJnwaxTP22Ybr/83V9hQ==

tiny-invariant@^1.0.6:
  version "1.1.0"
  resolved "https://registry.yarnpkg.com/tiny-invariant/-/tiny-invariant-1.1.0.tgz#634c5f8efdc27714b7f386c35e6760991d230875"
  integrity sha512-ytxQvrb1cPc9WBEI/HSeYYoGD0kWnGEOR8RY6KomWLBVhqz0RgTwVO9dLrGz7dC+nN9llyI7OKAgRq8Vq4ZBSw==

tslib@^1.9.0:
  version "1.13.0"
  resolved "https://registry.yarnpkg.com/tslib/-/tslib-1.13.0.tgz#c881e13cc7015894ed914862d276436fa9a47043"
  integrity sha512-i/6DQjL8Xf3be4K/E6Wgpekn5Qasl1usyw++dAA35Ue5orEn65VIxOA+YvNNl9HV3qv70T7CNwjODHZrLwvd1Q==
